// !$*UTF8*$!
{
	archiveVersion = 1;
	classes = {
	};
	objectVersion = 77;
	objects = {

/* Begin PBXBuildFile section */
		00792BDF6314E02750687CE4 /* DisclaimerView.swift in Sources */ = {isa = PBXBuildFile; fileRef = A1FDA644076F4501C37D7F50 /* DisclaimerView.swift */; };
		02D15CD57C05B41B9D6E12A3 /* ChatBubble.swift in Sources */ = {isa = PBXBuildFile; fileRef = C9AAE2E80AD09A59E7BE2756 /* ChatBubble.swift */; };
		11DE02B8DAA886EB61A80137 /* HapticsHelper.swift in Sources */ = {isa = PBXBuildFile; fileRef = 85BEFBE5AF9B8344BCA4EFD5 /* HapticsHelper.swift */; };
		22BFF30BA8D291920198281D /* LegalPageView.swift in Sources */ = {isa = PBXBuildFile; fileRef = F9D034942C1B826D36D5E8D4 /* LegalPageView.swift */; };
		2F5D335026C770BA140207DE /* CalendarHelper.swift in Sources */ = {isa = PBXBuildFile; fileRef = 4F123FD62FCF224990399CD7 /* CalendarHelper.swift */; };
		3063EC602BF64B2CF4A89883 /* ChatInputBar.swift in Sources */ = {isa = PBXBuildFile; fileRef = 4A2A47F1B802976D3FF06DA5 /* ChatInputBar.swift */; };
		51487E55A5465BDA994D245C /* LoginView.swift in Sources */ = {isa = PBXBuildFile; fileRef = 87A40B2ABFFB48FFD078FDD5 /* LoginView.swift */; };
		600AE8F5403DCE039100D03C /* TypingIndicator.swift in Sources */ = {isa = PBXBuildFile; fileRef = BD6C5858ED844B5C8C619918 /* TypingIndicator.swift */; };
		604E94A9BD650ECFDA40A1B7 /* CalendarStore.swift in Sources */ = {isa = PBXBuildFile; fileRef = 7457A5F181182A68DC0B8CE6 /* CalendarStore.swift */; };
		6C6DBA9BDCB701B90E25D163 /* OnboardingView.swift in Sources */ = {isa = PBXBuildFile; fileRef = A8DFA987EA363F0C2645FD64 /* OnboardingView.swift */; };
		70C3D30CE2C49632B01A8EE8 /* SpeechService.swift in Sources */ = {isa = PBXBuildFile; fileRef = F3C84CB01CEA1113052604FF /* SpeechService.swift */; };
		7731ABF813BF951F3E213A76 /* MonthGrid.swift in Sources */ = {isa = PBXBuildFile; fileRef = FBECB417FFCC3D48F84654B5 /* MonthGrid.swift */; };
		7E98B4FE09F40D553F3312A0 /* CalendarEvent.swift in Sources */ = {isa = PBXBuildFile; fileRef = E59EDD63ED4B5127A8B5D2DC /* CalendarEvent.swift */; };
		858DEA8563727562E8ACE8BC /* CozyPupApp.swift in Sources */ = {isa = PBXBuildFile; fileRef = D437A3D3656001306737E784 /* CozyPupApp.swift */; };
		885B288C97AAC7FAFAF5980E /* SettingsDrawer.swift in Sources */ = {isa = PBXBuildFile; fileRef = B6F1DE010DA6010A14147BF8 /* SettingsDrawer.swift */; };
		8C479A4CCAAB3EA751F08C51 /* ChatService.swift in Sources */ = {isa = PBXBuildFile; fileRef = EF65632CC6A30CD8137CBF57 /* ChatService.swift */; };
		99852793A13EC2793BD1D09C /* EmptyStateView.swift in Sources */ = {isa = PBXBuildFile; fileRef = 3489B7A2D858787350EDED43 /* EmptyStateView.swift */; };
		ACC8DEDAA3BCE7642D22C250 /* ChatStore.swift in Sources */ = {isa = PBXBuildFile; fileRef = 50750BC93A661BAE576D418E /* ChatStore.swift */; };
		B0BE23343ADC65DAF3EEF9A3 /* AuthStore.swift in Sources */ = {isa = PBXBuildFile; fileRef = 913C15A464B82E869A8EA6E8 /* AuthStore.swift */; };
		C48637977806DD97714F14DC /* Assets.xcassets in Resources */ = {isa = PBXBuildFile; fileRef = 45AA8E3614CA2B9242759444 /* Assets.xcassets */; };
		C71076A367C99C70DB2FA10D /* Tokens.swift in Sources */ = {isa = PBXBuildFile; fileRef = 19D7C11CBBBB1FAF7AB1FA82 /* Tokens.swift */; };
		CA967467835A9E2ADC5F68D2 /* RecordCard.swift in Sources */ = {isa = PBXBuildFile; fileRef = FFCDE79E9D9654B2E99B6A3E /* RecordCard.swift */; };
		D5FA653E9B82083C5D63B0D2 /* ChatMessage.swift in Sources */ = {isa = PBXBuildFile; fileRef = 369D8B87FDDB80958DDAD250 /* ChatMessage.swift */; };
		D7EF6BD5206BF3B30C294354 /* Pet.swift in Sources */ = {isa = PBXBuildFile; fileRef = A64F760C22D68D06ECA76404 /* Pet.swift */; };
		DBF96E2B35FB712BC97A1C27 /* LocationService.swift in Sources */ = {isa = PBXBuildFile; fileRef = D2586D01E7C42221ABD72995 /* LocationService.swift */; };
		DDE0B95A2BBD3D6913475404 /* MapCard.swift in Sources */ = {isa = PBXBuildFile; fileRef = E722C9266BF5B0325E6B52A6 /* MapCard.swift */; };
		E4CE679EF88093851EBC91E0 /* ChatView.swift in Sources */ = {isa = PBXBuildFile; fileRef = AE52D72C580AA7D599BDCEAC /* ChatView.swift */; };
		EA6F86AD25C72F589A001B9F /* EmailCard.swift in Sources */ = {isa = PBXBuildFile; fileRef = 3FDC9E1441AC78B6C6632FD0 /* EmailCard.swift */; };
		F3D92B290727D53D19BFEBDA /* PetStore.swift in Sources */ = {isa = PBXBuildFile; fileRef = 1D8DC0ADAB2E88C2F59583DA /* PetStore.swift */; };
		F7A8CAEC1837E84B421182B4 /* CalendarDrawer.swift in Sources */ = {isa = PBXBuildFile; fileRef = F142E2AF757CA909CA959BD8 /* CalendarDrawer.swift */; };
		FA82C6590ACDC7D49CF14998 /* EventRow.swift in Sources */ = {isa = PBXBuildFile; fileRef = E6D276B8E4BE99D3CA63F74F /* EventRow.swift */; };
		FC5BC1932B70E128C7F1B81B /* EmergencyBanner.swift in Sources */ = {isa = PBXBuildFile; fileRef = 88BD4E3CC91B5ED73B8A2AB6 /* EmergencyBanner.swift */; };
		FF279B03D7AC13828EE65FF4 /* PetFormView.swift in Sources */ = {isa = PBXBuildFile; fileRef = 080771DF5730E9583B536DC5 /* PetFormView.swift */; };
/* End PBXBuildFile section */

/* Begin PBXFileReference section */
		080771DF5730E9583B536DC5 /* PetFormView.swift */ = {isa = PBXFileReference; lastKnownFileType = sourcecode.swift; path = PetFormView.swift; sourceTree = "<group>"; };
		19D7C11CBBBB1FAF7AB1FA82 /* Tokens.swift */ = {isa = PBXFileReference; lastKnownFileType = sourcecode.swift; path = Tokens.swift; sourceTree = "<group>"; };
		1D8DC0ADAB2E88C2F59583DA /* PetStore.swift */ = {isa = PBXFileReference; lastKnownFileType = sourcecode.swift; path = PetStore.swift; sourceTree = "<group>"; };
		3489B7A2D858787350EDED43 /* EmptyStateView.swift */ = {isa = PBXFileReference; lastKnownFileType = sourcecode.swift; path = EmptyStateView.swift; sourceTree = "<group>"; };
		369D8B87FDDB80958DDAD250 /* ChatMessage.swift */ = {isa = PBXFileReference; lastKnownFileType = sourcecode.swift; path = ChatMessage.swift; sourceTree = "<group>"; };
		3FDC9E1441AC78B6C6632FD0 /* EmailCard.swift */ = {isa = PBXFileReference; lastKnownFileType = sourcecode.swift; path = EmailCard.swift; sourceTree = "<group>"; };
		45AA8E3614CA2B9242759444 /* Assets.xcassets */ = {isa = PBXFileReference; lastKnownFileType = folder.assetcatalog; path = Assets.xcassets; sourceTree = "<group>"; };
		4A2A47F1B802976D3FF06DA5 /* ChatInputBar.swift */ = {isa = PBXFileReference; lastKnownFileType = sourcecode.swift; path = ChatInputBar.swift; sourceTree = "<group>"; };
		4F123FD62FCF224990399CD7 /* CalendarHelper.swift */ = {isa = PBXFileReference; lastKnownFileType = sourcecode.swift; path = CalendarHelper.swift; sourceTree = "<group>"; };
		50750BC93A661BAE576D418E /* ChatStore.swift */ = {isa = PBXFileReference; lastKnownFileType = sourcecode.swift; path = ChatStore.swift; sourceTree = "<group>"; };
		7457A5F181182A68DC0B8CE6 /* CalendarStore.swift */ = {isa = PBXFileReference; lastKnownFileType = sourcecode.swift; path = CalendarStore.swift; sourceTree = "<group>"; };
		85BEFBE5AF9B8344BCA4EFD5 /* HapticsHelper.swift */ = {isa = PBXFileReference; lastKnownFileType = sourcecode.swift; path = HapticsHelper.swift; sourceTree = "<group>"; };
		87A40B2ABFFB48FFD078FDD5 /* LoginView.swift */ = {isa = PBXFileReference; lastKnownFileType = sourcecode.swift; path = LoginView.swift; sourceTree = "<group>"; };
		88BD4E3CC91B5ED73B8A2AB6 /* EmergencyBanner.swift */ = {isa = PBXFileReference; lastKnownFileType = sourcecode.swift; path = EmergencyBanner.swift; sourceTree = "<group>"; };
		913C15A464B82E869A8EA6E8 /* AuthStore.swift */ = {isa = PBXFileReference; lastKnownFileType = sourcecode.swift; path = AuthStore.swift; sourceTree = "<group>"; };
		A1FDA644076F4501C37D7F50 /* DisclaimerView.swift */ = {isa = PBXFileReference; lastKnownFileType = sourcecode.swift; path = DisclaimerView.swift; sourceTree = "<group>"; };
		A64F760C22D68D06ECA76404 /* Pet.swift */ = {isa = PBXFileReference; lastKnownFileType = sourcecode.swift; path = Pet.swift; sourceTree = "<group>"; };
		A8DFA987EA363F0C2645FD64 /* OnboardingView.swift */ = {isa = PBXFileReference; lastKnownFileType = sourcecode.swift; path = OnboardingView.swift; sourceTree = "<group>"; };
		AE52D72C580AA7D599BDCEAC /* ChatView.swift */ = {isa = PBXFileReference; lastKnownFileType = sourcecode.swift; path = ChatView.swift; sourceTree = "<group>"; };
		B6F1DE010DA6010A14147BF8 /* SettingsDrawer.swift */ = {isa = PBXFileReference; lastKnownFileType = sourcecode.swift; path = SettingsDrawer.swift; sourceTree = "<group>"; };
		BD6C5858ED844B5C8C619918 /* TypingIndicator.swift */ = {isa = PBXFileReference; lastKnownFileType = sourcecode.swift; path = TypingIndicator.swift; sourceTree = "<group>"; };
		C689DAF84CC613060400869F /* CozyPup.app */ = {isa = PBXFileReference; includeInIndex = 0; lastKnownFileType = wrapper.application; path = CozyPup.app; sourceTree = BUILT_PRODUCTS_DIR; };
		C9AAE2E80AD09A59E7BE2756 /* ChatBubble.swift */ = {isa = PBXFileReference; lastKnownFileType = sourcecode.swift; path = ChatBubble.swift; sourceTree = "<group>"; };
		D2586D01E7C42221ABD72995 /* LocationService.swift */ = {isa = PBXFileReference; lastKnownFileType = sourcecode.swift; path = LocationService.swift; sourceTree = "<group>"; };
		D437A3D3656001306737E784 /* CozyPupApp.swift */ = {isa = PBXFileReference; lastKnownFileType = sourcecode.swift; path = CozyPupApp.swift; sourceTree = "<group>"; };
		E59EDD63ED4B5127A8B5D2DC /* CalendarEvent.swift */ = {isa = PBXFileReference; lastKnownFileType = sourcecode.swift; path = CalendarEvent.swift; sourceTree = "<group>"; };
		E6D276B8E4BE99D3CA63F74F /* EventRow.swift */ = {isa = PBXFileReference; lastKnownFileType = sourcecode.swift; path = EventRow.swift; sourceTree = "<group>"; };
		E722C9266BF5B0325E6B52A6 /* MapCard.swift */ = {isa = PBXFileReference; lastKnownFileType = sourcecode.swift; path = MapCard.swift; sourceTree = "<group>"; };
		EBAD5792AB19AA7036912E67 /* Info.plist */ = {isa = PBXFileReference; lastKnownFileType = text.plist; path = Info.plist; sourceTree = "<group>"; };
		EF65632CC6A30CD8137CBF57 /* ChatService.swift */ = {isa = PBXFileReference; lastKnownFileType = sourcecode.swift; path = ChatService.swift; sourceTree = "<group>"; };
		F142E2AF757CA909CA959BD8 /* CalendarDrawer.swift */ = {isa = PBXFileReference; lastKnownFileType = sourcecode.swift; path = CalendarDrawer.swift; sourceTree = "<group>"; };
		F3C84CB01CEA1113052604FF /* SpeechService.swift */ = {isa = PBXFileReference; lastKnownFileType = sourcecode.swift; path = SpeechService.swift; sourceTree = "<group>"; };
		F9D034942C1B826D36D5E8D4 /* LegalPageView.swift */ = {isa = PBXFileReference; lastKnownFileType = sourcecode.swift; path = LegalPageView.swift; sourceTree = "<group>"; };
		FBECB417FFCC3D48F84654B5 /* MonthGrid.swift */ = {isa = PBXFileReference; lastKnownFileType = sourcecode.swift; path = MonthGrid.swift; sourceTree = "<group>"; };
		FFCDE79E9D9654B2E99B6A3E /* RecordCard.swift */ = {isa = PBXFileReference; lastKnownFileType = sourcecode.swift; path = RecordCard.swift; sourceTree = "<group>"; };
/* End PBXFileReference section */

/* Begin PBXGroup section */
		09158F11682C928CC717E96C /* Stores */ = {
			isa = PBXGroup;
			children = (
				913C15A464B82E869A8EA6E8 /* AuthStore.swift */,
				7457A5F181182A68DC0B8CE6 /* CalendarStore.swift */,
				50750BC93A661BAE576D418E /* ChatStore.swift */,
				1D8DC0ADAB2E88C2F59583DA /* PetStore.swift */,
			);
			path = Stores;
			sourceTree = "<group>";
		};
		09A95F131FB66BBBB810306C /* Products */ = {
			isa = PBXGroup;
			children = (
				C689DAF84CC613060400869F /* CozyPup.app */,
			);
			name = Products;
			sourceTree = "<group>";
		};
		26865D62715C5FAD2BF0A6E9 /* Theme */ = {
			isa = PBXGroup;
			children = (
				19D7C11CBBBB1FAF7AB1FA82 /* Tokens.swift */,
			);
			path = Theme;
			sourceTree = "<group>";
		};
		3631CB4624679DF5D182599D = {
			isa = PBXGroup;
			children = (
				58DE97E04745F620BC9758F7 /* CozyPup */,
				09A95F131FB66BBBB810306C /* Products */,
			);
			sourceTree = "<group>";
		};
		402C658B19F53A70267E6697 /* Models */ = {
			isa = PBXGroup;
			children = (
				E59EDD63ED4B5127A8B5D2DC /* CalendarEvent.swift */,
				369D8B87FDDB80958DDAD250 /* ChatMessage.swift */,
				A64F760C22D68D06ECA76404 /* Pet.swift */,
			);
			path = Models;
			sourceTree = "<group>";
		};
		58DE97E04745F620BC9758F7 /* CozyPup */ = {
			isa = PBXGroup;
			children = (
				45AA8E3614CA2B9242759444 /* Assets.xcassets */,
				D437A3D3656001306737E784 /* CozyPupApp.swift */,
				EBAD5792AB19AA7036912E67 /* Info.plist */,
				402C658B19F53A70267E6697 /* Models */,
				97FCF82AD30BD1D3C16DB860 /* Services */,
				09158F11682C928CC717E96C /* Stores */,
				26865D62715C5FAD2BF0A6E9 /* Theme */,
				65DB6000A81E169E667E5C3D /* Utils */,
				B1BA4D536B0C9BB8C6B28329 /* Views */,
			);
			path = CozyPup;
			sourceTree = "<group>";
		};
		65DB6000A81E169E667E5C3D /* Utils */ = {
			isa = PBXGroup;
			children = (
				4F123FD62FCF224990399CD7 /* CalendarHelper.swift */,
				85BEFBE5AF9B8344BCA4EFD5 /* HapticsHelper.swift */,
			);
			path = Utils;
			sourceTree = "<group>";
		};
		6B9C5A15A1F1516E4B22A269 /* Calendar */ = {
			isa = PBXGroup;
			children = (
				F142E2AF757CA909CA959BD8 /* CalendarDrawer.swift */,
				E6D276B8E4BE99D3CA63F74F /* EventRow.swift */,
				FBECB417FFCC3D48F84654B5 /* MonthGrid.swift */,
			);
			path = Calendar;
			sourceTree = "<group>";
		};
		97FCF82AD30BD1D3C16DB860 /* Services */ = {
			isa = PBXGroup;
			children = (
				EF65632CC6A30CD8137CBF57 /* ChatService.swift */,
				D2586D01E7C42221ABD72995 /* LocationService.swift */,
				F3C84CB01CEA1113052604FF /* SpeechService.swift */,
			);
			path = Services;
			sourceTree = "<group>";
		};
		A1AD7054EED742146144B174 /* Shared */ = {
			isa = PBXGroup;
			children = (
				88BD4E3CC91B5ED73B8A2AB6 /* EmergencyBanner.swift */,
				3489B7A2D858787350EDED43 /* EmptyStateView.swift */,
			);
			path = Shared;
			sourceTree = "<group>";
		};
		AB05AA687060A2ADDA2BA81E /* Settings */ = {
			isa = PBXGroup;
			children = (
				F9D034942C1B826D36D5E8D4 /* LegalPageView.swift */,
				080771DF5730E9583B536DC5 /* PetFormView.swift */,
				B6F1DE010DA6010A14147BF8 /* SettingsDrawer.swift */,
			);
			path = Settings;
			sourceTree = "<group>";
		};
		B1BA4D536B0C9BB8C6B28329 /* Views */ = {
			isa = PBXGroup;
			children = (
				C2CFDD7B809868977673F24C /* Auth */,
				6B9C5A15A1F1516E4B22A269 /* Calendar */,
				C45937910DDF031CD4069614 /* Cards */,
				B4F5C5C94DD235615FE4F6D9 /* Chat */,
				AB05AA687060A2ADDA2BA81E /* Settings */,
				A1AD7054EED742146144B174 /* Shared */,
			);
			path = Views;
			sourceTree = "<group>";
		};
		B4F5C5C94DD235615FE4F6D9 /* Chat */ = {
			isa = PBXGroup;
			children = (
				C9AAE2E80AD09A59E7BE2756 /* ChatBubble.swift */,
				4A2A47F1B802976D3FF06DA5 /* ChatInputBar.swift */,
				AE52D72C580AA7D599BDCEAC /* ChatView.swift */,
				BD6C5858ED844B5C8C619918 /* TypingIndicator.swift */,
			);
			path = Chat;
			sourceTree = "<group>";
		};
		C2CFDD7B809868977673F24C /* Auth */ = {
			isa = PBXGroup;
			children = (
				A1FDA644076F4501C37D7F50 /* DisclaimerView.swift */,
				87A40B2ABFFB48FFD078FDD5 /* LoginView.swift */,
				A8DFA987EA363F0C2645FD64 /* OnboardingView.swift */,
			);
			path = Auth;
			sourceTree = "<group>";
		};
		C45937910DDF031CD4069614 /* Cards */ = {
			isa = PBXGroup;
			children = (
				3FDC9E1441AC78B6C6632FD0 /* EmailCard.swift */,
				E722C9266BF5B0325E6B52A6 /* MapCard.swift */,
				FFCDE79E9D9654B2E99B6A3E /* RecordCard.swift */,
			);
			path = Cards;
			sourceTree = "<group>";
		};
/* End PBXGroup section */

/* Begin PBXNativeTarget section */
		D47A72937B460F86D657F7C7 /* CozyPup */ = {
			isa = PBXNativeTarget;
			buildConfigurationList = 122B166C3EB63E896982F1DC /* Build configuration list for PBXNativeTarget "CozyPup" */;
			buildPhases = (
				9CFCF02215D469EB9CE479C9 /* Sources */,
				A6395F742953966610DFD584 /* Resources */,
			);
			buildRules = (
			);
			dependencies = (
			);
			name = CozyPup;
			packageProductDependencies = (
			);
			productName = CozyPup;
			productReference = C689DAF84CC613060400869F /* CozyPup.app */;
			productType = "com.apple.product-type.application";
		};
/* End PBXNativeTarget section */

/* Begin PBXProject section */
		F6068C4AE77726ECB1F92DA0 /* Project object */ = {
			isa = PBXProject;
			attributes = {
				BuildIndependentTargetsInParallel = YES;
				LastUpgradeCheck = 1430;
				TargetAttributes = {
					D47A72937B460F86D657F7C7 = {
						DevelopmentTeam = "";
					};
				};
			};
			buildConfigurationList = 7CC342BB37E245DAF788EDB7 /* Build configuration list for PBXProject "CozyPup" */;
			developmentRegion = en;
			hasScannedForEncodings = 0;
			knownRegions = (
				Base,
				en,
			);
			mainGroup = 3631CB4624679DF5D182599D;
			minimizedProjectReferenceProxies = 1;
			preferredProjectObjectVersion = 77;
			productRefGroup = 09A95F131FB66BBBB810306C /* Products */;
			projectDirPath = "";
			projectRoot = "";
			targets = (
				D47A72937B460F86D657F7C7 /* CozyPup */,
			);
		};
/* End PBXProject section */

/* Begin PBXResourcesBuildPhase section */
		A6395F742953966610DFD584 /* Resources */ = {
			isa = PBXResourcesBuildPhase;
			buildActionMask = 2147483647;
			files = (
				C48637977806DD97714F14DC /* Assets.xcassets in Resources */,
			);
			runOnlyForDeploymentPostprocessing = 0;
		};
/* End PBXResourcesBuildPhase section */

/* Begin PBXSourcesBuildPhase section */
		9CFCF02215D469EB9CE479C9 /* Sources */ = {
			isa = PBXSourcesBuildPhase;
			buildActionMask = 2147483647;
			files = (
				B0BE23343ADC65DAF3EEF9A3 /* AuthStore.swift in Sources */,
				F7A8CAEC1837E84B421182B4 /* CalendarDrawer.swift in Sources */,
				7E98B4FE09F40D553F3312A0 /* CalendarEvent.swift in Sources */,
				2F5D335026C770BA140207DE /* CalendarHelper.swift in Sources */,
				604E94A9BD650ECFDA40A1B7 /* CalendarStore.swift in Sources */,
				02D15CD57C05B41B9D6E12A3 /* ChatBubble.swift in Sources */,
				3063EC602BF64B2CF4A89883 /* ChatInputBar.swift in Sources */,
				D5FA653E9B82083C5D63B0D2 /* ChatMessage.swift in Sources */,
				8C479A4CCAAB3EA751F08C51 /* ChatService.swift in Sources */,
				ACC8DEDAA3BCE7642D22C250 /* ChatStore.swift in Sources */,
				E4CE679EF88093851EBC91E0 /* ChatView.swift in Sources */,
				858DEA8563727562E8ACE8BC /* CozyPupApp.swift in Sources */,
				00792BDF6314E02750687CE4 /* DisclaimerView.swift in Sources */,
				EA6F86AD25C72F589A001B9F /* EmailCard.swift in Sources */,
				FC5BC1932B70E128C7F1B81B /* EmergencyBanner.swift in Sources */,
				99852793A13EC2793BD1D09C /* EmptyStateView.swift in Sources */,
				FA82C6590ACDC7D49CF14998 /* EventRow.swift in Sources */,
				11DE02B8DAA886EB61A80137 /* HapticsHelper.swift in Sources */,
				22BFF30BA8D291920198281D /* LegalPageView.swift in Sources */,
				DBF96E2B35FB712BC97A1C27 /* LocationService.swift in Sources */,
				51487E55A5465BDA994D245C /* LoginView.swift in Sources */,
				DDE0B95A2BBD3D6913475404 /* MapCard.swift in Sources */,
				7731ABF813BF951F3E213A76 /* MonthGrid.swift in Sources */,
				6C6DBA9BDCB701B90E25D163 /* OnboardingView.swift in Sources */,
				D7EF6BD5206BF3B30C294354 /* Pet.swift in Sources */,
				FF279B03D7AC13828EE65FF4 /* PetFormView.swift in Sources */,
				F3D92B290727D53D19BFEBDA /* PetStore.swift in Sources */,
				CA967467835A9E2ADC5F68D2 /* RecordCard.swift in Sources */,
				885B288C97AAC7FAFAF5980E /* SettingsDrawer.swift in Sources */,
				70C3D30CE2C49632B01A8EE8 /* SpeechService.swift in Sources */,
				C71076A367C99C70DB2FA10D /* Tokens.swift in Sources */,
				600AE8F5403DCE039100D03C /* TypingIndicator.swift in Sources */,
			);
			runOnlyForDeploymentPostprocessing = 0;
		};
/* End PBXSourcesBuildPhase section */

/* Begin XCBuildConfiguration section */
		4B2C5B2B1319AF8074B3C709 /* Debug */ = {
			isa = XCBuildConfiguration;
			buildSettings = {
				ALWAYS_SEARCH_USER_PATHS = NO;
				CLANG_ANALYZER_NONNULL = YES;
				CLANG_ANALYZER_NUMBER_OBJECT_CONVERSION = YES_AGGRESSIVE;
				CLANG_CXX_LANGUAGE_STANDARD = "gnu++14";
				CLANG_CXX_LIBRARY = "libc++";
				CLANG_ENABLE_MODULES = YES;
				CLANG_ENABLE_OBJC_ARC = YES;
				CLANG_ENABLE_OBJC_WEAK = YES;
				CLANG_WARN_BLOCK_CAPTURE_AUTORELEASING = YES;
				CLANG_WARN_BOOL_CONVERSION = YES;
				CLANG_WARN_COMMA = YES;
				CLANG_WARN_CONSTANT_CONVERSION = YES;
				CLANG_WARN_DEPRECATED_OBJC_IMPLEMENTATIONS = YES;
				CLANG_WARN_DIRECT_OBJC_ISA_USAGE = YES_ERROR;
				CLANG_WARN_DOCUMENTATION_COMMENTS = YES;
				CLANG_WARN_EMPTY_BODY = YES;
				CLANG_WARN_ENUM_CONVERSION = YES;
				CLANG_WARN_INFINITE_RECURSION = YES;
				CLANG_WARN_INT_CONVERSION = YES;
				CLANG_WARN_NON_LITERAL_NULL_CONVERSION = YES;
				CLANG_WARN_OBJC_IMPLICIT_RETAIN_SELF = YES;
				CLANG_WARN_OBJC_LITERAL_CONVERSION = YES;
				CLANG_WARN_OBJC_ROOT_CLASS = YES_ERROR;
				CLANG_WARN_QUOTED_INCLUDE_IN_FRAMEWORK_HEADER = YES;
				CLANG_WARN_RANGE_LOOP_ANALYSIS = YES;
				CLANG_WARN_STRICT_PROTOTYPES = YES;
				CLANG_WARN_SUSPICIOUS_MOVE = YES;
				CLANG_WARN_UNGUARDED_AVAILABILITY = YES_AGGRESSIVE;
				CLANG_WARN_UNREACHABLE_CODE = YES;
				CLANG_WARN__DUPLICATE_METHOD_MATCH = YES;
				COPY_PHASE_STRIP = NO;
				DEBUG_INFORMATION_FORMAT = dwarf;
				ENABLE_STRICT_OBJC_MSGSEND = YES;
				ENABLE_TESTABILITY = YES;
				GCC_C_LANGUAGE_STANDARD = gnu11;
				GCC_DYNAMIC_NO_PIC = NO;
				GCC_NO_COMMON_BLOCKS = YES;
				GCC_OPTIMIZATION_LEVEL = 0;
				GCC_PREPROCESSOR_DEFINITIONS = (
					"$(inherited)",
					"DEBUG=1",
				);
				GCC_WARN_64_TO_32_BIT_CONVERSION = YES;
				GCC_WARN_ABOUT_RETURN_TYPE = YES_ERROR;
				GCC_WARN_UNDECLARED_SELECTOR = YES;
				GCC_WARN_UNINITIALIZED_AUTOS = YES_AGGRESSIVE;
				GCC_WARN_UNUSED_FUNCTION = YES;
				GCC_WARN_UNUSED_VARIABLE = YES;
				IPHONEOS_DEPLOYMENT_TARGET = 17.0;
				MTL_ENABLE_DEBUG_INFO = INCLUDE_SOURCE;
				MTL_FAST_MATH = YES;
				ONLY_ACTIVE_ARCH = YES;
				PRODUCT_NAME = "$(TARGET_NAME)";
				SDKROOT = iphoneos;
				SWIFT_ACTIVE_COMPILATION_CONDITIONS = DEBUG;
				SWIFT_OPTIMIZATION_LEVEL = "-Onone";
				SWIFT_VERSION = 5.0;
			};
			name = Debug;
		};
		59772CD56D1B9E7B195AEFDB /* Release */ = {
			isa = XCBuildConfiguration;
			buildSettings = {
				ALWAYS_SEARCH_USER_PATHS = NO;
				CLANG_ANALYZER_NONNULL = YES;
				CLANG_ANALYZER_NUMBER_OBJECT_CONVERSION = YES_AGGRESSIVE;
				CLANG_CXX_LANGUAGE_STANDARD = "gnu++14";
				CLANG_CXX_LIBRARY = "libc++";
				CLANG_ENABLE_MODULES = YES;
				CLANG_ENABLE_OBJC_ARC = YES;
				CLANG_ENABLE_OBJC_WEAK = YES;
				CLANG_WARN_BLOCK_CAPTURE_AUTORELEASING = YES;
				CLANG_WARN_BOOL_CONVERSION = YES;
				CLANG_WARN_COMMA = YES;
				CLANG_WARN_CONSTANT_CONVERSION = YES;
				CLANG_WARN_DEPRECATED_OBJC_IMPLEMENTATIONS = YES;
				CLANG_WARN_DIRECT_OBJC_ISA_USAGE = YES_ERROR;
				CLANG_WARN_DOCUMENTATION_COMMENTS = YES;
				CLANG_WARN_EMPTY_BODY = YES;
				CLANG_WARN_ENUM_CONVERSION = YES;
				CLANG_WARN_INFINITE_RECURSION = YES;
				CLANG_WARN_INT_CONVERSION = YES;
				CLANG_WARN_NON_LITERAL_NULL_CONVERSION = YES;
				CLANG_WARN_OBJC_IMPLICIT_RETAIN_SELF = YES;
				CLANG_WARN_OBJC_LITERAL_CONVERSION = YES;
				CLANG_WARN_OBJC_ROOT_CLASS = YES_ERROR;
				CLANG_WARN_QUOTED_INCLUDE_IN_FRAMEWORK_HEADER = YES;
				CLANG_WARN_RANGE_LOOP_ANALYSIS = YES;
				CLANG_WARN_STRICT_PROTOTYPES = YES;
				CLANG_WARN_SUSPICIOUS_MOVE = YES;
				CLANG_WARN_UNGUARDED_AVAILABILITY = YES_AGGRESSIVE;
				CLANG_WARN_UNREACHABLE_CODE = YES;
				CLANG_WARN__DUPLICATE_METHOD_MATCH = YES;
				COPY_PHASE_STRIP = NO;
				DEBUG_INFORMATION_FORMAT = "dwarf-with-dsym";
				ENABLE_NS_ASSERTIONS = NO;
				ENABLE_STRICT_OBJC_MSGSEND = YES;
				GCC_C_LANGUAGE_STANDARD = gnu11;
				GCC_NO_COMMON_BLOCKS = YES;
				GCC_WARN_64_TO_32_BIT_CONVERSION = YES;
				GCC_WARN_ABOUT_RETURN_TYPE = YES_ERROR;
				GCC_WARN_UNDECLARED_SELECTOR = YES;
				GCC_WARN_UNINITIALIZED_AUTOS = YES_AGGRESSIVE;
				GCC_WARN_UNUSED_FUNCTION = YES;
				GCC_WARN_UNUSED_VARIABLE = YES;
				IPHONEOS_DEPLOYMENT_TARGET = 17.0;
				MTL_ENABLE_DEBUG_INFO = NO;
				MTL_FAST_MATH = YES;
				PRODUCT_NAME = "$(TARGET_NAME)";
				SDKROOT = iphoneos;
				SWIFT_COMPILATION_MODE = wholemodule;
				SWIFT_OPTIMIZATION_LEVEL = "-O";
				SWIFT_VERSION = 5.0;
			};
			name = Release;
		};
		8552AF8D7706EC39EC1AB848 /* Debug */ = {
			isa = XCBuildConfiguration;
			buildSettings = {
				ASSETCATALOG_COMPILER_APPICON_NAME = AppIcon;
				CODE_SIGN_IDENTITY = "iPhone Developer";
				CURRENT_PROJECT_VERSION = 1;
				DEVELOPMENT_TEAM = "";
				GENERATE_INFOPLIST_FILE = NO;
				INFOPLIST_FILE = CozyPup/Info.plist;
				LD_RUNPATH_SEARCH_PATHS = (
					"$(inherited)",
					"@executable_path/Frameworks",
				);
				MARKETING_VERSION = 1.0;
				PRODUCT_BUNDLE_IDENTIFIER = com.cozypup.app;
				SDKROOT = iphoneos;
				TARGETED_DEVICE_FAMILY = "1,2";
			};
			name = Debug;
		};
		F356F48E8F986DDBB2873D63 /* Release */ = {
			isa = XCBuildConfiguration;
			buildSettings = {
				ASSETCATALOG_COMPILER_APPICON_NAME = AppIcon;
				CODE_SIGN_IDENTITY = "iPhone Developer";
				CURRENT_PROJECT_VERSION = 1;
				DEVELOPMENT_TEAM = "";
				GENERATE_INFOPLIST_FILE = NO;
				INFOPLIST_FILE = CozyPup/Info.plist;
				LD_RUNPATH_SEARCH_PATHS = (
					"$(inherited)",
					"@executable_path/Frameworks",
				);
				MARKETING_VERSION = 1.0;
				PRODUCT_BUNDLE_IDENTIFIER = com.cozypup.app;
				SDKROOT = iphoneos;
				TARGETED_DEVICE_FAMILY = "1,2";
			};
			name = Release;
		};
/* End XCBuildConfiguration section */

/* Begin XCConfigurationList section */
		122B166C3EB63E896982F1DC /* Build configuration list for PBXNativeTarget "CozyPup" */ = {
			isa = XCConfigurationList;
			buildConfigurations = (
				8552AF8D7706EC39EC1AB848 /* Debug */,
				F356F48E8F986DDBB2873D63 /* Release */,
			);
			defaultConfigurationIsVisible = 0;
			defaultConfigurationName = Debug;
		};
		7CC342BB37E245DAF788EDB7 /* Build configuration list for PBXProject "CozyPup" */ = {
			isa = XCConfigurationList;
			buildConfigurations = (
				4B2C5B2B1319AF8074B3C709 /* Debug */,
				59772CD56D1B9E7B195AEFDB /* Release */,
			);
			defaultConfigurationIsVisible = 0;
			defaultConfigurationName = Debug;
		};
/* End XCConfigurationList section */
	};
	rootObject = F6068C4AE77726ECB1F92DA0 /* Project object */;
}
